Microsoft Visual Studio Solution File, Format Version 12.00
# Visual Studio Version 17
VisualStudioVersion = 17.0.31611.283
MinimumVisualStudioVersion = 10.0.40219.1
Project("{9A19103F-16F7-4668-BE54-9A1E7A4F7556}") = "P2024", "P2024\P2024.csproj", "{8AAD2A98-3768-4E03-92A6-6092D29EE54E}"
EndProject
Project("{FAE04EC0-301F-11D3-BF4B-00C04F79EFBC}") = "Data", "Data\Data.csproj", "{5C97519B-85C9-4608-8123-82C18EAC9DDB}"
EndProject
Project("{FAE04EC0-301F-11D3-BF4B-00C04F79EFBC}") = "Service", "Service\Service.csproj", "{C0B33B06-557C-464E-97C9-0BEC2C6E6F9A}"
EndProject
Global
	GlobalSection(SolutionConfigurationPlatforms) = preSolution
		Debug|Any CPU = Debug|Any CPU
		Release|Any CPU = Release|Any CPU
	EndGlobalSection
	GlobalSection(ProjectConfigurationPlatforms) = postSolution
		{8AAD2A98-3768-4E03-92A6-6092D29EE54E}.Debug|Any CPU.ActiveCfg = Debug|Any CPU
		{8AAD2A98-3768-4E03-92A6-6092D29EE54E}.Debug|Any CPU.Build.0 = Debug|Any CPU
		{8AAD2A98-3768-4E03-92A6-6092D29EE54E}.Debug|Any CPU.Deploy.0 = Debug|Any CPU
		{8AAD2A98-3768-4E03-92A6-6092D29EE54E}.Release|Any CPU.ActiveCfg = Release|Any CPU
		{8AAD2A98-3768-4E03-92A6-6092D29EE54E}.Release|Any CPU.Build.0 = Release|Any CPU
		{8AAD2A98-3768-4E03-92A6-6092D29EE54E}.Release|Any CPU.Deploy.0 = Release|Any CPU
		{5C97519B-85C9-4608-8123-82C18EAC9DDB}.Debug|Any CPU.ActiveCfg = Debug|Any CPU
		{5C97519B-85C9-4608-8123-82C18EAC9DDB}.Debug|Any CPU.Build.0 = Debug|Any CPU
		{5C97519B-85C9-4608-8123-82C18EAC9DDB}.Release|Any CPU.ActiveCfg = Release|Any CPU
		{5C97519B-85C9-4608-8123-82C18EAC9DDB}.Release|Any CPU.Build.0 = Release|Any CPU
		{C0B33B06-557C-464E-97C9-0BEC2C6E6F9A}.Debug|Any CPU.ActiveCfg = Debug|Any CPU
		{C0B33B06-557C-464E-97C9-0BEC2C6E6F9A}.Debug|Any CPU.Build.0 = Debug|Any CPU
		{C0B33B06-557C-464E-97C9-0BEC2C6E6F9A}.Release|Any CPU.ActiveCfg = Release|Any CPU
		{C0B33B06-557C-464E-97C9-0BEC2C6E6F9A}.Release|Any CPU.Build.0 = Release|Any CPU
	EndGlobalSection
	GlobalSection(SolutionProperties) = preSolution
		HideSolutionNode = FALSE
	EndGlobalSection
	GlobalSection(ExtensibilityGlobals) = postSolution
		SolutionGuid = {61F7FB11-1E47-470C-91E2-47F8143E1572}
	EndGlobalSection
EndGlobal
